<?xml version="1.0" encoding="utf-8"?>
<Project ToolsVersion="4.0" xmlns="http://schemas.microsoft.com/developer/msbuild/2003">
  <ItemGroup>
    <ClCompile Include="PhotonMapperStochasticHash.cpp" />
  </ItemGroup>
  <ItemGroup>
    <ClInclude Include="PhotonMapperStochasticHash.h" />
  </ItemGroup>
  <ItemGroup>
    <ShaderSource Include="PhotonMapperStochasticHashCollect.cs.slang" />
    <ShaderSource Include="PhotonMapperStochasticHashFunctions.slang" />
    <ShaderSource Include="PhotonMapperStochasticHashGenerate.rt.slang" />
  </ItemGroup>
</Project>